
Microsoft Visual Studio Solution File, Format Version 11.00
# Visual Studio 2010
Project("{FAE04EC0-301F-11D3-BF4B-00C04F79EFBC}") = "VirtualGym_HolotoolKit_Diagonal", "Assembly-CSharp.csproj", "{0A2ACE82-77F8-26CB-DA30-146D64ECD4FE}"
EndProject
Project("{FAE04EC0-301F-11D3-BF4B-00C04F79EFBC}") = "VirtualGym_HolotoolKit_Diagonal", "Assembly-CSharp-Editor.csproj", "{4E73E890-DBC2-9905-6A3A-172B02B3AD5B}"
EndProject
Global
	GlobalSection(SolutionConfigurationPlatforms) = preSolution
		Debug|Any CPU = Debug|Any CPU
		Release|Any CPU = Release|Any CPU
	EndGlobalSection
	GlobalSection(ProjectConfigurationPlatforms) = postSolution
		{0A2ACE82-77F8-26CB-DA30-146D64ECD4FE}.Debug|Any CPU.ActiveCfg = Debug|Any CPU
		{0A2ACE82-77F8-26CB-DA30-146D64ECD4FE}.Debug|Any CPU.Build.0 = Debug|Any CPU
		{0A2ACE82-77F8-26CB-DA30-146D64ECD4FE}.Release|Any CPU.ActiveCfg = Release|Any CPU
		{0A2ACE82-77F8-26CB-DA30-146D64ECD4FE}.Release|Any CPU.Build.0 = Release|Any CPU
		{4E73E890-DBC2-9905-6A3A-172B02B3AD5B}.Debug|Any CPU.ActiveCfg = Debug|Any CPU
		{4E73E890-DBC2-9905-6A3A-172B02B3AD5B}.Debug|Any CPU.Build.0 = Debug|Any CPU
		{4E73E890-DBC2-9905-6A3A-172B02B3AD5B}.Release|Any CPU.ActiveCfg = Release|Any CPU
		{4E73E890-DBC2-9905-6A3A-172B02B3AD5B}.Release|Any CPU.Build.0 = Release|Any CPU
	EndGlobalSection
	GlobalSection(SolutionProperties) = preSolution
		HideSolutionNode = FALSE
	EndGlobalSection
	GlobalSection(MonoDevelopProperties) = preSolution
		StartupItem = Assembly-CSharp.csproj
	EndGlobalSection
EndGlobal
